
Microsoft Visual Studio Solution File, Format Version 12.00
# Visual Studio 2013
VisualStudioVersion = 12.0.40629.0
MinimumVisualStudioVersion = 10.0.40219.1
Project("{FAE04EC0-301F-11D3-BF4B-00C04F79EFBC}") = "SteamLogonService", "SteamLogonService\SteamLogonService.csproj", "{DF8C0A4C-E8FD-4DD0-AC8E-2B227C7B4BA2}"
EndProject
Project("{54435603-DBB4-11D2-8724-00A0C9A8B90C}") = "SteamLogonServiceSetup", "SteamLogonServiceSetup\SteamLogonServiceSetup.vdproj", "{3A95ED14-8C63-4EF7-BD6D-BCAC50D7DE5A}"
EndProject
Global
	GlobalSection(SolutionConfigurationPlatforms) = preSolution
		Debug|Any CPU = Debug|Any CPU
		Release|Any CPU = Release|Any CPU
	EndGlobalSection
	GlobalSection(ProjectConfigurationPlatforms) = postSolution
		{DF8C0A4C-E8FD-4DD0-AC8E-2B227C7B4BA2}.Debug|Any CPU.ActiveCfg = Debug|Any CPU
		{DF8C0A4C-E8FD-4DD0-AC8E-2B227C7B4BA2}.Debug|Any CPU.Build.0 = Debug|Any CPU
		{DF8C0A4C-E8FD-4DD0-AC8E-2B227C7B4BA2}.Release|Any CPU.ActiveCfg = Release|Any CPU
		{DF8C0A4C-E8FD-4DD0-AC8E-2B227C7B4BA2}.Release|Any CPU.Build.0 = Release|Any CPU
		{3A95ED14-8C63-4EF7-BD6D-BCAC50D7DE5A}.Debug|Any CPU.ActiveCfg = Debug
		{3A95ED14-8C63-4EF7-BD6D-BCAC50D7DE5A}.Debug|Any CPU.Build.0 = Debug
		{3A95ED14-8C63-4EF7-BD6D-BCAC50D7DE5A}.Release|Any CPU.ActiveCfg = Release
		{3A95ED14-8C63-4EF7-BD6D-BCAC50D7DE5A}.Release|Any CPU.Build.0 = Release
	EndGlobalSection
	GlobalSection(SolutionProperties) = preSolution
		HideSolutionNode = FALSE
	EndGlobalSection
EndGlobal
